{"version":4,"terraform_version":"1.9.0","serial":14,"lineage":"94d15cdc-25a4-df2e-6087-576be539e303","outputs":{},"resources":[{"mode":"managed","type":"proxmox_vm_qemu","name":"cloudinit-example","provider":"provider[\"registry.opentofu.org/telmate/proxmox\"]","instances":[{"schema_version":0,"attributes":{"additional_wait":5,"agent":1,"agent_timeout":null,"args":"","automatic_reboot":true,"balloon":0,"bios":"seabios","boot":"order=scsi0","bootdisk":"","ci_wait":null,"cicustom":"vendor=local:snippets/qemu-guest-agent.yml","cipassword":"Enter123!","ciupgrade":true,"ciuser":"root","clone":"debian12-cloudinit","clone_id":null,"clone_wait":10,"cores":2,"cpu":null,"cpu_type":"host","default_ipv4_address":"","default_ipv6_address":"","define_connection_info":true,"desc":"Managed by Terraform.","disk":[],"disks":[{"ide":[{"ide0":[],"ide1":[{"cdrom":[],"cloudinit":[{"storage":"local-lvm"}],"disk":[],"passthrough":[]}],"ide2":[],"ide3":[]}],"sata":[],"scsi":[{"scsi0":[{"cdrom":[],"cloudinit":[],"disk":[{"asyncio":"","backup":true,"cache":"","discard":false,"emulatessd":false,"format":"raw","id":0,"iops_r_burst":0,"iops_r_burst_length":0,"iops_r_concurrent":0,"iops_wr_burst":0,"iops_wr_burst_length":0,"iops_wr_concurrent":0,"iothread":false,"linked_disk_id":-1,"mbps_r_burst":0,"mbps_r_concurrent":0,"mbps_wr_burst":0,"mbps_wr_concurrent":0,"readonly":false,"replicate":false,"serial":"","size":"5G","storage":"local-lvm","wwn":""}],"passthrough":[]}],"scsi1":[],"scsi10":[],"scsi11":[],"scsi12":[],"scsi13":[],"scsi14":[],"scsi15":[],"scsi16":[],"scsi17":[],"scsi18":[],"scsi19":[],"scsi2":[],"scsi20":[],"scsi21":[],"scsi22":[],"scsi23":[],"scsi24":[],"scsi25":[],"scsi26":[],"scsi27":[],"scsi28":[],"scsi29":[],"scsi3":[],"scsi30":[],"scsi4":[],"scsi5":[],"scsi6":[],"scsi7":[],"scsi8":[],"scsi9":[]}],"virtio":[]}],"efidisk":[],"force_create":false,"force_recreate_on_change_of":null,"full_clone":true,"hagroup":"","hastate":"","hostpci":[],"hotplug":"network,disk,usb","id":"pve/qemu/100","ipconfig0":"ip=dhcp,ip6=dhcp","ipconfig1":null,"ipconfig10":null,"ipconfig11":null,"ipconfig12":null,"ipconfig13":null,"ipconfig14":null,"ipconfig15":null,"ipconfig2":null,"ipconfig3":null,"ipconfig4":null,"ipconfig5":null,"ipconfig6":null,"ipconfig7":null,"ipconfig8":null,"ipconfig9":null,"kvm":true,"linked_vmid":0,"machine":"","memory":1024,"name":"test-terraform0","nameserver":"1.1.1.1 8.8.8.8","network":[{"bridge":"vmbr0","firewall":false,"id":0,"link_down":false,"macaddr":"bc:24:11:fe:01:91","model":"virtio","mtu":0,"queues":0,"rate":0,"tag":0}],"numa":false,"onboot":false,"os_network_config":null,"os_type":null,"pci":[],"pcis":[],"pool":"","protection":false,"pxe":null,"qemu_os":"other","reboot_required":false,"scsihw":"virtio-scsi-single","searchdomain":"","serial":[{"id":0,"type":"socket"}],"skip_ipv4":false,"skip_ipv6":true,"smbios":[{"family":"","manufacturer":"","product":"","serial":"","sku":"","uuid":"d2d6b044-bcae-4f0e-9e27-336cfc527d46","version":""}],"sockets":1,"ssh_forward_ip":null,"ssh_host":"","ssh_port":"22","ssh_private_key":null,"ssh_user":null,"sshkeys":"ssh-ed25519 AAAAC3NzaC1lZDI1NTE5AAAAIE/Pjg7YXZ8Yau9heCc4YWxFlzhThnI+IhUx2hLJRxYE Cloud-Init@Terraform","startup":"","tablet":true,"tags":"","target_node":"pve","target_nodes":null,"timeouts":null,"unused_disk":[],"usb":[],"usbs":[],"vcpus":0,"vga":[],"vm_state":"running","vmid":100},"sensitive_attributes":[[{"type":"get_attr","value":"ssh_private_key"}],[{"type":"get_attr","value":"cipassword"}]],"private":"eyJlMmJmYjczMC1lY2FhLTExZTYtOGY4OC0zNDM2M2JjN2M0YzAiOnsiY3JlYXRlIjoxMjAwMDAwMDAwMDAwLCJkZWZhdWx0IjoxMjAwMDAwMDAwMDAwLCJkZWxldGUiOjEyMDAwMDAwMDAwMDAsInJlYWQiOjEyMDAwMDAwMDAwMDAsInVwZGF0ZSI6MTIwMDAwMDAwMDAwMH19"}]}],"check_results":null}
